
Microsoft Visual Studio Solution File, Format Version 12.00
# Visual Studio Version 16
VisualStudioVersion = 25.0.1703.4
MinimumVisualStudioVersion = 10.0.40219.1
Project("{FAE04EC0-301F-11D3-BF4B-00C04F79EFBC}") = "Lecture6", "Lecture6\Lecture6.csproj", "{ECEDCD1C-233B-4E2F-9812-62F1201902B8}"
EndProject
Global
	GlobalSection(SolutionConfigurationPlatforms) = preSolution
		Debug|Any CPU = Debug|Any CPU
		Release|Any CPU = Release|Any CPU
	EndGlobalSection
	GlobalSection(ProjectConfigurationPlatforms) = postSolution
		{ECEDCD1C-233B-4E2F-9812-62F1201902B8}.Debug|Any CPU.ActiveCfg = Debug|Any CPU
		{ECEDCD1C-233B-4E2F-9812-62F1201902B8}.Debug|Any CPU.Build.0 = Debug|Any CPU
		{ECEDCD1C-233B-4E2F-9812-62F1201902B8}.Release|Any CPU.ActiveCfg = Release|Any CPU
		{ECEDCD1C-233B-4E2F-9812-62F1201902B8}.Release|Any CPU.Build.0 = Release|Any CPU
	EndGlobalSection
	GlobalSection(SolutionProperties) = preSolution
		HideSolutionNode = FALSE
	EndGlobalSection
	GlobalSection(ExtensibilityGlobals) = postSolution
		SolutionGuid = {552ADB18-ADF7-46EB-9539-929204B31554}
	EndGlobalSection
EndGlobal
