
Microsoft Visual Studio Solution File, Format Version 12.00
# Visual Studio Version 16
VisualStudioVersion = 25.0.1703.8
MinimumVisualStudioVersion = 10.0.40219.1
Project("{FAE04EC0-301F-11D3-BF4B-00C04F79EFBC}") = "lecture-11", "lecture-11\lecture-11.csproj", "{472C0698-6F1A-462B-9323-7CD61D33C5A0}"
EndProject
Global
	GlobalSection(SolutionConfigurationPlatforms) = preSolution
		Debug|Any CPU = Debug|Any CPU
		Release|Any CPU = Release|Any CPU
	EndGlobalSection
	GlobalSection(ProjectConfigurationPlatforms) = postSolution
		{472C0698-6F1A-462B-9323-7CD61D33C5A0}.Debug|Any CPU.ActiveCfg = Debug|Any CPU
		{472C0698-6F1A-462B-9323-7CD61D33C5A0}.Debug|Any CPU.Build.0 = Debug|Any CPU
		{472C0698-6F1A-462B-9323-7CD61D33C5A0}.Release|Any CPU.ActiveCfg = Release|Any CPU
		{472C0698-6F1A-462B-9323-7CD61D33C5A0}.Release|Any CPU.Build.0 = Release|Any CPU
	EndGlobalSection
	GlobalSection(SolutionProperties) = preSolution
		HideSolutionNode = FALSE
	EndGlobalSection
	GlobalSection(ExtensibilityGlobals) = postSolution
		SolutionGuid = {FD269895-9ACC-4E8E-AA1D-FCD11E2FDBAC}
	EndGlobalSection
EndGlobal
